// !$*UTF8*$!
{
	archiveVersion = 1;
	classes = {
	};
	objectVersion = 46;
	objects = {

/* Begin PBXBuildFile section */
		47D833C6F2962AFDAC51EE38 /* libPods.a in Frameworks */ = {isa = PBXBuildFile; fileRef = 9B784C29796DC67E7B6CC732 /* libPods.a */; };
		EF126A321A02337100E2CD6F /* BLCUser.m in Sources */ = {isa = PBXBuildFile; fileRef = EF126A311A02337100E2CD6F /* BLCUser.m */; };
		EF126A381A023A0C00E2CD6F /* BLCComment.m in Sources */ = {isa = PBXBuildFile; fileRef = EF126A371A023A0C00E2CD6F /* BLCComment.m */; };
		EF126A3B1A023BD300E2CD6F /* BLCDataSource.m in Sources */ = {isa = PBXBuildFile; fileRef = EF126A3A1A023BD300E2CD6F /* BLCDataSource.m */; };
		EF126A3E1A04D4CE00E2CD6F /* BLCMediaTableViewCell.m in Sources */ = {isa = PBXBuildFile; fileRef = EF126A3D1A04D4CE00E2CD6F /* BLCMediaTableViewCell.m */; };
		EF126A411A0A737C00E2CD6F /* BLCLoginViewController.m in Sources */ = {isa = PBXBuildFile; fileRef = EF126A401A0A737C00E2CD6F /* BLCLoginViewController.m */; };
		EF48028C1A96E1DF0079F9DC /* BLCMedia.m in Sources */ = {isa = PBXBuildFile; fileRef = EF48028B1A96E1DF0079F9DC /* BLCMedia.m */; };
		EF6440C51A236246002BDAC7 /* BLCMediaFullScreenViewController.m in Sources */ = {isa = PBXBuildFile; fileRef = EF6440C41A236246002BDAC7 /* BLCMediaFullScreenViewController.m */; };
		EF6440C81A2456D5002BDAC7 /* BLCMediaFullScreenAnimator.m in Sources */ = {isa = PBXBuildFile; fileRef = EF6440C71A2456D5002BDAC7 /* BLCMediaFullScreenAnimator.m */; };
		EFA034AA1AA0693400B221E3 /* BLCCropBox.m in Sources */ = {isa = PBXBuildFile; fileRef = EFA034A91AA0693400B221E3 /* BLCCropBox.m */; };
		EFA034AD1AA06D2E00B221E3 /* BLCCropImageViewController.m in Sources */ = {isa = PBXBuildFile; fileRef = EFA034AC1AA06D2E00B221E3 /* BLCCropImageViewController.m */; };
		EFA034B01AA0783B00B221E3 /* BLCImageLibraryViewController.m in Sources */ = {isa = PBXBuildFile; fileRef = EFA034AF1AA0783B00B221E3 /* BLCImageLibraryViewController.m */; };
		EFA034B31AA134C600B221E3 /* BLCPostToInstagramViewController.m in Sources */ = {isa = PBXBuildFile; fileRef = EFA034B21AA134C600B221E3 /* BLCPostToInstagramViewController.m */; };
		EFA034B91AA2F07800B221E3 /* BLCFiltersCollectionViewCell.m in Sources */ = {isa = PBXBuildFile; fileRef = EFA034B81AA2F07800B221E3 /* BLCFiltersCollectionViewCell.m */; };
		EFCE562819FD0F370051C50D /* main.m in Sources */ = {isa = PBXBuildFile; fileRef = EFCE562719FD0F370051C50D /* main.m */; };
		EFCE562B19FD0F370051C50D /* AppDelegate.m in Sources */ = {isa = PBXBuildFile; fileRef = EFCE562A19FD0F370051C50D /* AppDelegate.m */; };
		EFCE563319FD0F370051C50D /* Images.xcassets in Resources */ = {isa = PBXBuildFile; fileRef = EFCE563219FD0F370051C50D /* Images.xcassets */; };
		EFCE564219FD0F370051C50D /* BlocstagramTests.m in Sources */ = {isa = PBXBuildFile; fileRef = EFCE564119FD0F370051C50D /* BlocstagramTests.m */; };
		EFCE565619FD1A370051C50D /* 1.JPG in Resources */ = {isa = PBXBuildFile; fileRef = EFCE564C19FD1A370051C50D /* 1.JPG */; };
		EFCE565719FD1A370051C50D /* 2.JPG in Resources */ = {isa = PBXBuildFile; fileRef = EFCE564D19FD1A370051C50D /* 2.JPG */; };
		EFCE565819FD1A370051C50D /* 3.JPG in Resources */ = {isa = PBXBuildFile; fileRef = EFCE564E19FD1A370051C50D /* 3.JPG */; };
		EFCE565919FD1A370051C50D /* 4.JPG in Resources */ = {isa = PBXBuildFile; fileRef = EFCE564F19FD1A370051C50D /* 4.JPG */; };
		EFCE565A19FD1A370051C50D /* 5.JPG in Resources */ = {isa = PBXBuildFile; fileRef = EFCE565019FD1A370051C50D /* 5.JPG */; };
		EFCE565B19FD1A370051C50D /* 6.JPG in Resources */ = {isa = PBXBuildFile; fileRef = EFCE565119FD1A370051C50D /* 6.JPG */; };
		EFCE565C19FD1A370051C50D /* 7.JPG in Resources */ = {isa = PBXBuildFile; fileRef = EFCE565219FD1A370051C50D /* 7.JPG */; };
		EFCE565D19FD1A370051C50D /* 8.jpg in Resources */ = {isa = PBXBuildFile; fileRef = EFCE565319FD1A370051C50D /* 8.jpg */; };
		EFCE565E19FD1A370051C50D /* 9.JPG in Resources */ = {isa = PBXBuildFile; fileRef = EFCE565419FD1A370051C50D /* 9.JPG */; };
		EFCE565F19FD1A370051C50D /* 10.JPG in Resources */ = {isa = PBXBuildFile; fileRef = EFCE565519FD1A370051C50D /* 10.JPG */; };
		EFCE566219FD1C080051C50D /* BLCImagesTableViewController.m in Sources */ = {isa = PBXBuildFile; fileRef = EFCE566119FD1C080051C50D /* BLCImagesTableViewController.m */; };
		EFF982F51A981DE700218699 /* BLCCircleSpinnerView.m in Sources */ = {isa = PBXBuildFile; fileRef = EFF982F41A981DE700218699 /* BLCCircleSpinnerView.m */; };
		EFF982F81A9822CD00218699 /* BLCLikeButton.m in Sources */ = {isa = PBXBuildFile; fileRef = EFF982F71A9822CD00218699 /* BLCLikeButton.m */; };
		EFF982FB1A9ACE0900218699 /* BLCComposeCommentView.m in Sources */ = {isa = PBXBuildFile; fileRef = EFF982FA1A9ACE0900218699 /* BLCComposeCommentView.m */; };
		EFF982FE1A9C6EF400218699 /* BLCCameraToolbar.m in Sources */ = {isa = PBXBuildFile; fileRef = EFF982FD1A9C6EF400218699 /* BLCCameraToolbar.m */; };
		EFF983011A9C719700218699 /* BLCCameraViewController.m in Sources */ = {isa = PBXBuildFile; fileRef = EFF983001A9C719700218699 /* BLCCameraViewController.m */; };
		EFF983041A9C7BC800218699 /* UIImage+BLCImageUtilities.m in Sources */ = {isa = PBXBuildFile; fileRef = EFF983031A9C7BC800218699 /* UIImage+BLCImageUtilities.m */; };
/* End PBXBuildFile section */

/* Begin PBXContainerItemProxy section */
		EFCE563C19FD0F370051C50D /* PBXContainerItemProxy */ = {
			isa = PBXContainerItemProxy;
			containerPortal = EFCE561A19FD0F370051C50D /* Project object */;
			proxyType = 1;
			remoteGlobalIDString = EFCE562119FD0F370051C50D;
			remoteInfo = Blocstagram;
		};
/* End PBXContainerItemProxy section */

/* Begin PBXFileReference section */
		345B09D433F8DA2190B9D189 /* Pods.debug.xcconfig */ = {isa = PBXFileReference; includeInIndex = 1; lastKnownFileType = text.xcconfig; name = Pods.debug.xcconfig; path = "Pods/Target Support Files/Pods/Pods.debug.xcconfig"; sourceTree = "<group>"; };
		9B784C29796DC67E7B6CC732 /* libPods.a */ = {isa = PBXFileReference; explicitFileType = archive.ar; includeInIndex = 0; path = libPods.a; sourceTree = BUILT_PRODUCTS_DIR; };
		EF126A301A02337100E2CD6F /* BLCUser.h */ = {isa = PBXFileReference; fileEncoding = 4; lastKnownFileType = sourcecode.c.h; path = BLCUser.h; sourceTree = "<group>"; };
		EF126A311A02337100E2CD6F /* BLCUser.m */ = {isa = PBXFileReference; fileEncoding = 4; lastKnownFileType = sourcecode.c.objc; path = BLCUser.m; sourceTree = "<group>"; };
		EF126A361A023A0C00E2CD6F /* BLCComment.h */ = {isa = PBXFileReference; fileEncoding = 4; lastKnownFileType = sourcecode.c.h; path = BLCComment.h; sourceTree = "<group>"; };
		EF126A371A023A0C00E2CD6F /* BLCComment.m */ = {isa = PBXFileReference; fileEncoding = 4; lastKnownFileType = sourcecode.c.objc; path = BLCComment.m; sourceTree = "<group>"; };
		EF126A391A023BD300E2CD6F /* BLCDataSource.h */ = {isa = PBXFileReference; fileEncoding = 4; lastKnownFileType = sourcecode.c.h; path = BLCDataSource.h; sourceTree = "<group>"; };
		EF126A3A1A023BD300E2CD6F /* BLCDataSource.m */ = {isa = PBXFileReference; fileEncoding = 4; lastKnownFileType = sourcecode.c.objc; path = BLCDataSource.m; sourceTree = "<group>"; };
		EF126A3C1A04D4CE00E2CD6F /* BLCMediaTableViewCell.h */ = {isa = PBXFileReference; fileEncoding = 4; lastKnownFileType = sourcecode.c.h; path = BLCMediaTableViewCell.h; sourceTree = "<group>"; };
		EF126A3D1A04D4CE00E2CD6F /* BLCMediaTableViewCell.m */ = {isa = PBXFileReference; fileEncoding = 4; lastKnownFileType = sourcecode.c.objc; path = BLCMediaTableViewCell.m; sourceTree = "<group>"; };
		EF126A3F1A0A737C00E2CD6F /* BLCLoginViewController.h */ = {isa = PBXFileReference; fileEncoding = 4; lastKnownFileType = sourcecode.c.h; path = BLCLoginViewController.h; sourceTree = "<group>"; };
		EF126A401A0A737C00E2CD6F /* BLCLoginViewController.m */ = {isa = PBXFileReference; fileEncoding = 4; lastKnownFileType = sourcecode.c.objc; path = BLCLoginViewController.m; sourceTree = "<group>"; };
		EF48028A1A96E1DF0079F9DC /* BLCMedia.h */ = {isa = PBXFileReference; fileEncoding = 4; lastKnownFileType = sourcecode.c.h; path = BLCMedia.h; sourceTree = "<group>"; };
		EF48028B1A96E1DF0079F9DC /* BLCMedia.m */ = {isa = PBXFileReference; fileEncoding = 4; lastKnownFileType = sourcecode.c.objc; path = BLCMedia.m; sourceTree = "<group>"; };
		EF6440C31A236246002BDAC7 /* BLCMediaFullScreenViewController.h */ = {isa = PBXFileReference; fileEncoding = 4; lastKnownFileType = sourcecode.c.h; path = BLCMediaFullScreenViewController.h; sourceTree = "<group>"; };
		EF6440C41A236246002BDAC7 /* BLCMediaFullScreenViewController.m */ = {isa = PBXFileReference; fileEncoding = 4; lastKnownFileType = sourcecode.c.objc; path = BLCMediaFullScreenViewController.m; sourceTree = "<group>"; };
		EF6440C61A2456D5002BDAC7 /* BLCMediaFullScreenAnimator.h */ = {isa = PBXFileReference; fileEncoding = 4; lastKnownFileType = sourcecode.c.h; path = BLCMediaFullScreenAnimator.h; sourceTree = "<group>"; };
		EF6440C71A2456D5002BDAC7 /* BLCMediaFullScreenAnimator.m */ = {isa = PBXFileReference; fileEncoding = 4; lastKnownFileType = sourcecode.c.objc; path = BLCMediaFullScreenAnimator.m; sourceTree = "<group>"; };
		EFA034A81AA0693400B221E3 /* BLCCropBox.h */ = {isa = PBXFileReference; fileEncoding = 4; lastKnownFileType = sourcecode.c.h; path = BLCCropBox.h; sourceTree = "<group>"; };
		EFA034A91AA0693400B221E3 /* BLCCropBox.m */ = {isa = PBXFileReference; fileEncoding = 4; lastKnownFileType = sourcecode.c.objc; path = BLCCropBox.m; sourceTree = "<group>"; };
		EFA034AB1AA06D2E00B221E3 /* BLCCropImageViewController.h */ = {isa = PBXFileReference; fileEncoding = 4; lastKnownFileType = sourcecode.c.h; path = BLCCropImageViewController.h; sourceTree = "<group>"; };
		EFA034AC1AA06D2E00B221E3 /* BLCCropImageViewController.m */ = {isa = PBXFileReference; fileEncoding = 4; lastKnownFileType = sourcecode.c.objc; path = BLCCropImageViewController.m; sourceTree = "<group>"; };
		EFA034AE1AA0783B00B221E3 /* BLCImageLibraryViewController.h */ = {isa = PBXFileReference; fileEncoding = 4; lastKnownFileType = sourcecode.c.h; path = BLCImageLibraryViewController.h; sourceTree = "<group>"; };
		EFA034AF1AA0783B00B221E3 /* BLCImageLibraryViewController.m */ = {isa = PBXFileReference; fileEncoding = 4; lastKnownFileType = sourcecode.c.objc; path = BLCImageLibraryViewController.m; sourceTree = "<group>"; };
		EFA034B11AA134C600B221E3 /* BLCPostToInstagramViewController.h */ = {isa = PBXFileReference; fileEncoding = 4; lastKnownFileType = sourcecode.c.h; path = BLCPostToInstagramViewController.h; sourceTree = "<group>"; };
		EFA034B21AA134C600B221E3 /* BLCPostToInstagramViewController.m */ = {isa = PBXFileReference; fileEncoding = 4; lastKnownFileType = sourcecode.c.objc; path = BLCPostToInstagramViewController.m; sourceTree = "<group>"; };
		EFA034B71AA2F07800B221E3 /* BLCFiltersCollectionViewCell.h */ = {isa = PBXFileReference; fileEncoding = 4; lastKnownFileType = sourcecode.c.h; path = BLCFiltersCollectionViewCell.h; sourceTree = "<group>"; };
		EFA034B81AA2F07800B221E3 /* BLCFiltersCollectionViewCell.m */ = {isa = PBXFileReference; fileEncoding = 4; lastKnownFileType = sourcecode.c.objc; path = BLCFiltersCollectionViewCell.m; sourceTree = "<group>"; };
		EFCE562219FD0F370051C50D /* Blocstagram.app */ = {isa = PBXFileReference; explicitFileType = wrapper.application; includeInIndex = 0; path = Blocstagram.app; sourceTree = BUILT_PRODUCTS_DIR; };
		EFCE562619FD0F370051C50D /* Info.plist */ = {isa = PBXFileReference; lastKnownFileType = text.plist.xml; path = Info.plist; sourceTree = "<group>"; };
		EFCE562719FD0F370051C50D /* main.m */ = {isa = PBXFileReference; lastKnownFileType = sourcecode.c.objc; path = main.m; sourceTree = "<group>"; };
		EFCE562919FD0F370051C50D /* AppDelegate.h */ = {isa = PBXFileReference; lastKnownFileType = sourcecode.c.h; path = AppDelegate.h; sourceTree = "<group>"; };
		EFCE562A19FD0F370051C50D /* AppDelegate.m */ = {isa = PBXFileReference; lastKnownFileType = sourcecode.c.objc; path = AppDelegate.m; sourceTree = "<group>"; };
		EFCE563219FD0F370051C50D /* Images.xcassets */ = {isa = PBXFileReference; lastKnownFileType = folder.assetcatalog; path = Images.xcassets; sourceTree = "<group>"; };
		EFCE563B19FD0F370051C50D /* BlocstagramTests.xctest */ = {isa = PBXFileReference; explicitFileType = wrapper.cfbundle; includeInIndex = 0; path = BlocstagramTests.xctest; sourceTree = BUILT_PRODUCTS_DIR; };
		EFCE564019FD0F370051C50D /* Info.plist */ = {isa = PBXFileReference; lastKnownFileType = text.plist.xml; path = Info.plist; sourceTree = "<group>"; };
		EFCE564119FD0F370051C50D /* BlocstagramTests.m */ = {isa = PBXFileReference; lastKnownFileType = sourcecode.c.objc; path = BlocstagramTests.m; sourceTree = "<group>"; };
		EFCE564C19FD1A370051C50D /* 1.JPG */ = {isa = PBXFileReference; lastKnownFileType = image.jpeg; path = 1.JPG; sourceTree = "<group>"; };
		EFCE564D19FD1A370051C50D /* 2.JPG */ = {isa = PBXFileReference; lastKnownFileType = image.jpeg; path = 2.JPG; sourceTree = "<group>"; };
		EFCE564E19FD1A370051C50D /* 3.JPG */ = {isa = PBXFileReference; lastKnownFileType = image.jpeg; path = 3.JPG; sourceTree = "<group>"; };
		EFCE564F19FD1A370051C50D /* 4.JPG */ = {isa = PBXFileReference; lastKnownFileType = image.jpeg; path = 4.JPG; sourceTree = "<group>"; };
		EFCE565019FD1A370051C50D /* 5.JPG */ = {isa = PBXFileReference; lastKnownFileType = image.jpeg; path = 5.JPG; sourceTree = "<group>"; };
		EFCE565119FD1A370051C50D /* 6.JPG */ = {isa = PBXFileReference; lastKnownFileType = image.jpeg; path = 6.JPG; sourceTree = "<group>"; };
		EFCE565219FD1A370051C50D /* 7.JPG */ = {isa = PBXFileReference; lastKnownFileType = image.jpeg; path = 7.JPG; sourceTree = "<group>"; };
		EFCE565319FD1A370051C50D /* 8.jpg */ = {isa = PBXFileReference; lastKnownFileType = image.jpeg; path = 8.jpg; sourceTree = "<group>"; };
		EFCE565419FD1A370051C50D /* 9.JPG */ = {isa = PBXFileReference; lastKnownFileType = image.jpeg; path = 9.JPG; sourceTree = "<group>"; };
		EFCE565519FD1A370051C50D /* 10.JPG */ = {isa = PBXFileReference; lastKnownFileType = image.jpeg; path = 10.JPG; sourceTree = "<group>"; };
		EFCE566019FD1C080051C50D /* BLCImagesTableViewController.h */ = {isa = PBXFileReference; fileEncoding = 4; lastKnownFileType = sourcecode.c.h; path = BLCImagesTableViewController.h; sourceTree = "<group>"; };
		EFCE566119FD1C080051C50D /* BLCImagesTableViewController.m */ = {isa = PBXFileReference; fileEncoding = 4; lastKnownFileType = sourcecode.c.objc; path = BLCImagesTableViewController.m; sourceTree = "<group>"; };
		EFF982F31A981DE700218699 /* BLCCircleSpinnerView.h */ = {isa = PBXFileReference; fileEncoding = 4; lastKnownFileType = sourcecode.c.h; path = BLCCircleSpinnerView.h; sourceTree = "<group>"; };
		EFF982F41A981DE700218699 /* BLCCircleSpinnerView.m */ = {isa = PBXFileReference; fileEncoding = 4; lastKnownFileType = sourcecode.c.objc; path = BLCCircleSpinnerView.m; sourceTree = "<group>"; };
		EFF982F61A9822CD00218699 /* BLCLikeButton.h */ = {isa = PBXFileReference; fileEncoding = 4; lastKnownFileType = sourcecode.c.h; path = BLCLikeButton.h; sourceTree = "<group>"; };
		EFF982F71A9822CD00218699 /* BLCLikeButton.m */ = {isa = PBXFileReference; fileEncoding = 4; lastKnownFileType = sourcecode.c.objc; path = BLCLikeButton.m; sourceTree = "<group>"; };
		EFF982F91A9ACE0900218699 /* BLCComposeCommentView.h */ = {isa = PBXFileReference; fileEncoding = 4; lastKnownFileType = sourcecode.c.h; path = BLCComposeCommentView.h; sourceTree = "<group>"; };
		EFF982FA1A9ACE0900218699 /* BLCComposeCommentView.m */ = {isa = PBXFileReference; fileEncoding = 4; lastKnownFileType = sourcecode.c.objc; path = BLCComposeCommentView.m; sourceTree = "<group>"; };
		EFF982FC1A9C6EF400218699 /* BLCCameraToolbar.h */ = {isa = PBXFileReference; fileEncoding = 4; lastKnownFileType = sourcecode.c.h; path = BLCCameraToolbar.h; sourceTree = "<group>"; };
		EFF982FD1A9C6EF400218699 /* BLCCameraToolbar.m */ = {isa = PBXFileReference; fileEncoding = 4; lastKnownFileType = sourcecode.c.objc; path = BLCCameraToolbar.m; sourceTree = "<group>"; };
		EFF982FF1A9C719700218699 /* BLCCameraViewController.h */ = {isa = PBXFileReference; fileEncoding = 4; lastKnownFileType = sourcecode.c.h; path = BLCCameraViewController.h; sourceTree = "<group>"; };
		EFF983001A9C719700218699 /* BLCCameraViewController.m */ = {isa = PBXFileReference; fileEncoding = 4; lastKnownFileType = sourcecode.c.objc; path = BLCCameraViewController.m; sourceTree = "<group>"; };
		EFF983021A9C7BC800218699 /* UIImage+BLCImageUtilities.h */ = {isa = PBXFileReference; fileEncoding = 4; lastKnownFileType = sourcecode.c.h; path = "UIImage+BLCImageUtilities.h"; sourceTree = "<group>"; };
		EFF983031A9C7BC800218699 /* UIImage+BLCImageUtilities.m */ = {isa = PBXFileReference; fileEncoding = 4; lastKnownFileType = sourcecode.c.objc; path = "UIImage+BLCImageUtilities.m"; sourceTree = "<group>"; };
		F2A767387D5CCEBE0AD10D03 /* Pods.release.xcconfig */ = {isa = PBXFileReference; includeInIndex = 1; lastKnownFileType = text.xcconfig; name = Pods.release.xcconfig; path = "Pods/Target Support Files/Pods/Pods.release.xcconfig"; sourceTree = "<group>"; };
/* End PBXFileReference section */

/* Begin PBXFrameworksBuildPhase section */
		EFCE561F19FD0F370051C50D /* Frameworks */ = {
			isa = PBXFrameworksBuildPhase;
			buildActionMask = 2147483647;
			files = (
				47D833C6F2962AFDAC51EE38 /* libPods.a in Frameworks */,
			);
			runOnlyForDeploymentPostprocessing = 0;
		};
		EFCE563819FD0F370051C50D /* Frameworks */ = {
			isa = PBXFrameworksBuildPhase;
			buildActionMask = 2147483647;
			files = (
			);
			runOnlyForDeploymentPostprocessing = 0;
		};
/* End PBXFrameworksBuildPhase section */

/* Begin PBXGroup section */
		13B0EFCC3B50AC48A5708A37 /* Pods */ = {
			isa = PBXGroup;
			children = (
				345B09D433F8DA2190B9D189 /* Pods.debug.xcconfig */,
				F2A767387D5CCEBE0AD10D03 /* Pods.release.xcconfig */,
			);
			name = Pods;
			sourceTree = "<group>";
		};
		D406ABAC70650B57DD81B047 /* Frameworks */ = {
			isa = PBXGroup;
			children = (
				9B784C29796DC67E7B6CC732 /* libPods.a */,
			);
			name = Frameworks;
			sourceTree = "<group>";
		};
		EFCE561919FD0F370051C50D = {
			isa = PBXGroup;
			children = (
				EFCE562419FD0F370051C50D /* Blocstagram */,
				EFCE563E19FD0F370051C50D /* BlocstagramTests */,
				EFCE562319FD0F370051C50D /* Products */,
				13B0EFCC3B50AC48A5708A37 /* Pods */,
				D406ABAC70650B57DD81B047 /* Frameworks */,
			);
			sourceTree = "<group>";
		};
		EFCE562319FD0F370051C50D /* Products */ = {
			isa = PBXGroup;
			children = (
				EFCE562219FD0F370051C50D /* Blocstagram.app */,
				EFCE563B19FD0F370051C50D /* BlocstagramTests.xctest */,
			);
			name = Products;
			sourceTree = "<group>";
		};
		EFCE562419FD0F370051C50D /* Blocstagram */ = {
			isa = PBXGroup;
			children = (
				EF48028A1A96E1DF0079F9DC /* BLCMedia.h */,
				EF48028B1A96E1DF0079F9DC /* BLCMedia.m */,
				EF126A3C1A04D4CE00E2CD6F /* BLCMediaTableViewCell.h */,
				EF126A3D1A04D4CE00E2CD6F /* BLCMediaTableViewCell.m */,
				EF6440C31A236246002BDAC7 /* BLCMediaFullScreenViewController.h */,
				EF6440C41A236246002BDAC7 /* BLCMediaFullScreenViewController.m */,
				EF126A361A023A0C00E2CD6F /* BLCComment.h */,
				EF126A371A023A0C00E2CD6F /* BLCComment.m */,
				EF126A391A023BD300E2CD6F /* BLCDataSource.h */,
				EF126A3A1A023BD300E2CD6F /* BLCDataSource.m */,
				EF126A3F1A0A737C00E2CD6F /* BLCLoginViewController.h */,
				EF126A401A0A737C00E2CD6F /* BLCLoginViewController.m */,
				EF126A301A02337100E2CD6F /* BLCUser.h */,
				EF126A311A02337100E2CD6F /* BLCUser.m */,
				EFCE566019FD1C080051C50D /* BLCImagesTableViewController.h */,
				EFCE566119FD1C080051C50D /* BLCImagesTableViewController.m */,
				EF6440C61A2456D5002BDAC7 /* BLCMediaFullScreenAnimator.h */,
				EF6440C71A2456D5002BDAC7 /* BLCMediaFullScreenAnimator.m */,
				EFF982F31A981DE700218699 /* BLCCircleSpinnerView.h */,
				EFF982F41A981DE700218699 /* BLCCircleSpinnerView.m */,
				EFF982F61A9822CD00218699 /* BLCLikeButton.h */,
				EFF982F71A9822CD00218699 /* BLCLikeButton.m */,
				EFF982F91A9ACE0900218699 /* BLCComposeCommentView.h */,
				EFF982FA1A9ACE0900218699 /* BLCComposeCommentView.m */,
				EFF982FC1A9C6EF400218699 /* BLCCameraToolbar.h */,
				EFF982FD1A9C6EF400218699 /* BLCCameraToolbar.m */,
				EFF982FF1A9C719700218699 /* BLCCameraViewController.h */,
				EFF983001A9C719700218699 /* BLCCameraViewController.m */,
				EFA034A81AA0693400B221E3 /* BLCCropBox.h */,
				EFA034A91AA0693400B221E3 /* BLCCropBox.m */,
				EFA034AB1AA06D2E00B221E3 /* BLCCropImageViewController.h */,
				EFA034AC1AA06D2E00B221E3 /* BLCCropImageViewController.m */,
				EFA034AE1AA0783B00B221E3 /* BLCImageLibraryViewController.h */,
				EFA034AF1AA0783B00B221E3 /* BLCImageLibraryViewController.m */,
				EFA034B11AA134C600B221E3 /* BLCPostToInstagramViewController.h */,
				EFA034B21AA134C600B221E3 /* BLCPostToInstagramViewController.m */,
				EFA034B71AA2F07800B221E3 /* BLCFiltersCollectionViewCell.h */,
				EFA034B81AA2F07800B221E3 /* BLCFiltersCollectionViewCell.m */,
				EFF983021A9C7BC800218699 /* UIImage+BLCImageUtilities.h */,
				EFF983031A9C7BC800218699 /* UIImage+BLCImageUtilities.m */,
				EFCE562919FD0F370051C50D /* AppDelegate.h */,
				EFCE562A19FD0F370051C50D /* AppDelegate.m */,
				EFCE563219FD0F370051C50D /* Images.xcassets */,
				EFCE564B19FD133D0051C50D /* Images */,
				EFCE562519FD0F370051C50D /* Supporting Files */,
			);
			path = Blocstagram;
			sourceTree = "<group>";
		};
		EFCE562519FD0F370051C50D /* Supporting Files */ = {
			isa = PBXGroup;
			children = (
				EFCE562619FD0F370051C50D /* Info.plist */,
				EFCE562719FD0F370051C50D /* main.m */,
			);
			name = "Supporting Files";
			sourceTree = "<group>";
		};
		EFCE563E19FD0F370051C50D /* BlocstagramTests */ = {
			isa = PBXGroup;
			children = (
				EFCE564119FD0F370051C50D /* BlocstagramTests.m */,
				EFCE563F19FD0F370051C50D /* Supporting Files */,
			);
			path = BlocstagramTests;
			sourceTree = "<group>";
		};
		EFCE563F19FD0F370051C50D /* Supporting Files */ = {
			isa = PBXGroup;
			children = (
				EFCE564019FD0F370051C50D /* Info.plist */,
			);
			name = "Supporting Files";
			sourceTree = "<group>";
		};
		EFCE564B19FD133D0051C50D /* Images */ = {
			isa = PBXGroup;
			children = (
				EFCE564C19FD1A370051C50D /* 1.JPG */,
				EFCE564D19FD1A370051C50D /* 2.JPG */,
				EFCE564E19FD1A370051C50D /* 3.JPG */,
				EFCE564F19FD1A370051C50D /* 4.JPG */,
				EFCE565019FD1A370051C50D /* 5.JPG */,
				EFCE565119FD1A370051C50D /* 6.JPG */,
				EFCE565219FD1A370051C50D /* 7.JPG */,
				EFCE565319FD1A370051C50D /* 8.jpg */,
				EFCE565419FD1A370051C50D /* 9.JPG */,
				EFCE565519FD1A370051C50D /* 10.JPG */,
			);
			name = Images;
			sourceTree = "<group>";
		};
/* End PBXGroup section */

/* Begin PBXNativeTarget section */
		EFCE562119FD0F370051C50D /* Blocstagram */ = {
			isa = PBXNativeTarget;
			buildConfigurationList = EFCE564519FD0F370051C50D /* Build configuration list for PBXNativeTarget "Blocstagram" */;
			buildPhases = (
				21BA893A93E25E46AAFDBD41 /* Check Pods Manifest.lock */,
				EFCE561E19FD0F370051C50D /* Sources */,
				EFCE561F19FD0F370051C50D /* Frameworks */,
				EFCE562019FD0F370051C50D /* Resources */,
				DEB0F04E2030D7CEEA6368C7 /* Copy Pods Resources */,
			);
			buildRules = (
			);
			dependencies = (
			);
			name = Blocstagram;
			productName = Blocstagram;
			productReference = EFCE562219FD0F370051C50D /* Blocstagram.app */;
			productType = "com.apple.product-type.application";
		};
		EFCE563A19FD0F370051C50D /* BlocstagramTests */ = {
			isa = PBXNativeTarget;
			buildConfigurationList = EFCE564819FD0F370051C50D /* Build configuration list for PBXNativeTarget "BlocstagramTests" */;
			buildPhases = (
				EFCE563719FD0F370051C50D /* Sources */,
				EFCE563819FD0F370051C50D /* Frameworks */,
				EFCE563919FD0F370051C50D /* Resources */,
			);
			buildRules = (
			);
			dependencies = (
				EFCE563D19FD0F370051C50D /* PBXTargetDependency */,
			);
			name = BlocstagramTests;
			productName = BlocstagramTests;
			productReference = EFCE563B19FD0F370051C50D /* BlocstagramTests.xctest */;
			productType = "com.apple.product-type.bundle.unit-test";
		};
/* End PBXNativeTarget section */

/* Begin PBXProject section */
		EFCE561A19FD0F370051C50D /* Project object */ = {
			isa = PBXProject;
			attributes = {
				LastUpgradeCheck = 0600;
				ORGANIZATIONNAME = "Peter Gow";
				TargetAttributes = {
					EFCE562119FD0F370051C50D = {
						CreatedOnToolsVersion = 6.0.1;
						DevelopmentTeam = 999584GN38;
					};
					EFCE563A19FD0F370051C50D = {
						CreatedOnToolsVersion = 6.0.1;
						TestTargetID = EFCE562119FD0F370051C50D;
					};
				};
			};
			buildConfigurationList = EFCE561D19FD0F370051C50D /* Build configuration list for PBXProject "Blocstagram" */;
			compatibilityVersion = "Xcode 3.2";
			developmentRegion = English;
			hasScannedForEncodings = 0;
			knownRegions = (
				en,
				Base,
			);
			mainGroup = EFCE561919FD0F370051C50D;
			productRefGroup = EFCE562319FD0F370051C50D /* Products */;
			projectDirPath = "";
			projectRoot = "";
			targets = (
				EFCE562119FD0F370051C50D /* Blocstagram */,
				EFCE563A19FD0F370051C50D /* BlocstagramTests */,
			);
		};
/* End PBXProject section */

/* Begin PBXResourcesBuildPhase section */
		EFCE562019FD0F370051C50D /* Resources */ = {
			isa = PBXResourcesBuildPhase;
			buildActionMask = 2147483647;
			files = (
				EFCE565719FD1A370051C50D /* 2.JPG in Resources */,
				EFCE565E19FD1A370051C50D /* 9.JPG in Resources */,
				EFCE565919FD1A370051C50D /* 4.JPG in Resources */,
				EFCE563319FD0F370051C50D /* Images.xcassets in Resources */,
				EFCE565F19FD1A370051C50D /* 10.JPG in Resources */,
				EFCE565D19FD1A370051C50D /* 8.jpg in Resources */,
				EFCE565C19FD1A370051C50D /* 7.JPG in Resources */,
				EFCE565B19FD1A370051C50D /* 6.JPG in Resources */,
				EFCE565A19FD1A370051C50D /* 5.JPG in Resources */,
				EFCE565619FD1A370051C50D /* 1.JPG in Resources */,
				EFCE565819FD1A370051C50D /* 3.JPG in Resources */,
			);
			runOnlyForDeploymentPostprocessing = 0;
		};
		EFCE563919FD0F370051C50D /* Resources */ = {
			isa = PBXResourcesBuildPhase;
			buildActionMask = 2147483647;
			files = (
			);
			runOnlyForDeploymentPostprocessing = 0;
		};
/* End PBXResourcesBuildPhase section */

/* Begin PBXShellScriptBuildPhase section */
		21BA893A93E25E46AAFDBD41 /* Check Pods Manifest.lock */ = {
			isa = PBXShellScriptBuildPhase;
			buildActionMask = 2147483647;
			files = (
			);
			inputPaths = (
			);
			name = "Check Pods Manifest.lock";
			outputPaths = (
			);
			runOnlyForDeploymentPostprocessing = 0;
			shellPath = /bin/sh;
			shellScript = "diff \"${PODS_ROOT}/../Podfile.lock\" \"${PODS_ROOT}/Manifest.lock\" > /dev/null\nif [[ $? != 0 ]] ; then\n    cat << EOM\nerror: The sandbox is not in sync with the Podfile.lock. Run 'pod install' or update your CocoaPods installation.\nEOM\n    exit 1\nfi\n";
			showEnvVarsInLog = 0;
		};
		DEB0F04E2030D7CEEA6368C7 /* Copy Pods Resources */ = {
			isa = PBXShellScriptBuildPhase;
			buildActionMask = 2147483647;
			files = (
			);
			inputPaths = (
			);
			name = "Copy Pods Resources";
			outputPaths = (
			);
			runOnlyForDeploymentPostprocessing = 0;
			shellPath = /bin/sh;
			shellScript = "\"${SRCROOT}/Pods/Target Support Files/Pods/Pods-resources.sh\"\n";
			showEnvVarsInLog = 0;
		};
/* End PBXShellScriptBuildPhase section */

/* Begin PBXSourcesBuildPhase section */
		EFCE561E19FD0F370051C50D /* Sources */ = {
			isa = PBXSourcesBuildPhase;
			buildActionMask = 2147483647;
			files = (
				EFA034B91AA2F07800B221E3 /* BLCFiltersCollectionViewCell.m in Sources */,
				EFA034AD1AA06D2E00B221E3 /* BLCCropImageViewController.m in Sources */,
				EF126A321A02337100E2CD6F /* BLCUser.m in Sources */,
				EFF982FE1A9C6EF400218699 /* BLCCameraToolbar.m in Sources */,
				EF48028C1A96E1DF0079F9DC /* BLCMedia.m in Sources */,
				EFF982F81A9822CD00218699 /* BLCLikeButton.m in Sources */,
				EF6440C81A2456D5002BDAC7 /* BLCMediaFullScreenAnimator.m in Sources */,
				EFCE562B19FD0F370051C50D /* AppDelegate.m in Sources */,
				EFCE562819FD0F370051C50D /* main.m in Sources */,
				EFCE566219FD1C080051C50D /* BLCImagesTableViewController.m in Sources */,
				EFF982F51A981DE700218699 /* BLCCircleSpinnerView.m in Sources */,
				EFA034B01AA0783B00B221E3 /* BLCImageLibraryViewController.m in Sources */,
				EF126A381A023A0C00E2CD6F /* BLCComment.m in Sources */,
				EF6440C51A236246002BDAC7 /* BLCMediaFullScreenViewController.m in Sources */,
				EF126A3E1A04D4CE00E2CD6F /* BLCMediaTableViewCell.m in Sources */,
				EF126A3B1A023BD300E2CD6F /* BLCDataSource.m in Sources */,
				EFA034AA1AA0693400B221E3 /* BLCCropBox.m in Sources */,
				EFF983011A9C719700218699 /* BLCCameraViewController.m in Sources */,
				EF126A411A0A737C00E2CD6F /* BLCLoginViewController.m in Sources */,
				EFF982FB1A9ACE0900218699 /* BLCComposeCommentView.m in Sources */,
				EFA034B31AA134C600B221E3 /* BLCPostToInstagramViewController.m in Sources */,
				EFF983041A9C7BC800218699 /* UIImage+BLCImageUtilities.m in Sources */,
			);
			runOnlyForDeploymentPostprocessing = 0;
		};
		EFCE563719FD0F370051C50D /* Sources */ = {
			isa = PBXSourcesBuildPhase;
			buildActionMask = 2147483647;
			files = (
				EFCE564219FD0F370051C50D /* BlocstagramTests.m in Sources */,
			);
			runOnlyForDeploymentPostprocessing = 0;
		};
/* End PBXSourcesBuildPhase section */

/* Begin PBXTargetDependency section */
		EFCE563D19FD0F370051C50D /* PBXTargetDependency */ = {
			isa = PBXTargetDependency;
			target = EFCE562119FD0F370051C50D /* Blocstagram */;
			targetProxy = EFCE563C19FD0F370051C50D /* PBXContainerItemProxy */;
		};
/* End PBXTargetDependency section */

/* Begin XCBuildConfiguration section */
		EFCE564319FD0F370051C50D /* Debug */ = {
			isa = XCBuildConfiguration;
			buildSettings = {
				ALWAYS_SEARCH_USER_PATHS = NO;
				CLANG_CXX_LANGUAGE_STANDARD = "gnu++0x";
				CLANG_CXX_LIBRARY = "libc++";
				CLANG_ENABLE_MODULES = YES;
				CLANG_ENABLE_OBJC_ARC = YES;
				CLANG_WARN_BOOL_CONVERSION = YES;
				CLANG_WARN_CONSTANT_CONVERSION = YES;
				CLANG_WARN_DIRECT_OBJC_ISA_USAGE = YES_ERROR;
				CLANG_WARN_EMPTY_BODY = YES;
				CLANG_WARN_ENUM_CONVERSION = YES;
				CLANG_WARN_INT_CONVERSION = YES;
				CLANG_WARN_OBJC_ROOT_CLASS = YES_ERROR;
				CLANG_WARN_UNREACHABLE_CODE = YES;
				CLANG_WARN__DUPLICATE_METHOD_MATCH = YES;
				"CODE_SIGN_IDENTITY[sdk=iphoneos*]" = "iPhone Developer";
				COPY_PHASE_STRIP = NO;
				ENABLE_STRICT_OBJC_MSGSEND = YES;
				GCC_C_LANGUAGE_STANDARD = gnu99;
				GCC_DYNAMIC_NO_PIC = NO;
				GCC_OPTIMIZATION_LEVEL = 0;
				GCC_PREPROCESSOR_DEFINITIONS = (
					"DEBUG=1",
					"$(inherited)",
				);
				GCC_SYMBOLS_PRIVATE_EXTERN = NO;
				GCC_WARN_64_TO_32_BIT_CONVERSION = YES;
				GCC_WARN_ABOUT_RETURN_TYPE = YES_ERROR;
				GCC_WARN_UNDECLARED_SELECTOR = YES;
				GCC_WARN_UNINITIALIZED_AUTOS = YES_AGGRESSIVE;
				GCC_WARN_UNUSED_FUNCTION = YES;
				GCC_WARN_UNUSED_VARIABLE = YES;
				IPHONEOS_DEPLOYMENT_TARGET = 8.0;
				MTL_ENABLE_DEBUG_INFO = YES;
				ONLY_ACTIVE_ARCH = YES;
				SDKROOT = iphoneos;
				TARGETED_DEVICE_FAMILY = "1,2";
			};
			name = Debug;
		};
		EFCE564419FD0F370051C50D /* Release */ = {
			isa = XCBuildConfiguration;
			buildSettings = {
				ALWAYS_SEARCH_USER_PATHS = NO;
				CLANG_CXX_LANGUAGE_STANDARD = "gnu++0x";
				CLANG_CXX_LIBRARY = "libc++";
				CLANG_ENABLE_MODULES = YES;
				CLANG_ENABLE_OBJC_ARC = YES;
				CLANG_WARN_BOOL_CONVERSION = YES;
				CLANG_WARN_CONSTANT_CONVERSION = YES;
				CLANG_WARN_DIRECT_OBJC_ISA_USAGE = YES_ERROR;
				CLANG_WARN_EMPTY_BODY = YES;
				CLANG_WARN_ENUM_CONVERSION = YES;
				CLANG_WARN_INT_CONVERSION = YES;
				CLANG_WARN_OBJC_ROOT_CLASS = YES_ERROR;
				CLANG_WARN_UNREACHABLE_CODE = YES;
				CLANG_WARN__DUPLICATE_METHOD_MATCH = YES;
				"CODE_SIGN_IDENTITY[sdk=iphoneos*]" = "iPhone Developer";
				COPY_PHASE_STRIP = YES;
				ENABLE_NS_ASSERTIONS = NO;
				ENABLE_STRICT_OBJC_MSGSEND = YES;
				GCC_C_LANGUAGE_STANDARD = gnu99;
				GCC_WARN_64_TO_32_BIT_CONVERSION = YES;
				GCC_WARN_ABOUT_RETURN_TYPE = YES_ERROR;
				GCC_WARN_UNDECLARED_SELECTOR = YES;
				GCC_WARN_UNINITIALIZED_AUTOS = YES_AGGRESSIVE;
				GCC_WARN_UNUSED_FUNCTION = YES;
				GCC_WARN_UNUSED_VARIABLE = YES;
				IPHONEOS_DEPLOYMENT_TARGET = 8.0;
				MTL_ENABLE_DEBUG_INFO = NO;
				SDKROOT = iphoneos;
				TARGETED_DEVICE_FAMILY = "1,2";
				VALIDATE_PRODUCT = YES;
			};
			name = Release;
		};
		EFCE564619FD0F370051C50D /* Debug */ = {
			isa = XCBuildConfiguration;
			baseConfigurationReference = 345B09D433F8DA2190B9D189 /* Pods.debug.xcconfig */;
			buildSettings = {
				ASSETCATALOG_COMPILER_APPICON_NAME = AppIcon;
				CODE_SIGN_IDENTITY = "iPhone Developer";
				"CODE_SIGN_IDENTITY[sdk=iphoneos*]" = "iPhone Developer";
				INFOPLIST_FILE = Blocstagram/Info.plist;
				LD_RUNPATH_SEARCH_PATHS = "$(inherited) @executable_path/Frameworks";
				PRODUCT_NAME = "$(TARGET_NAME)";
				PROVISIONING_PROFILE = "";
			};
			name = Debug;
		};
		EFCE564719FD0F370051C50D /* Release */ = {
			isa = XCBuildConfiguration;
			baseConfigurationReference = F2A767387D5CCEBE0AD10D03 /* Pods.release.xcconfig */;
			buildSettings = {
				ASSETCATALOG_COMPILER_APPICON_NAME = AppIcon;
				CODE_SIGN_IDENTITY = "iPhone Developer";
				"CODE_SIGN_IDENTITY[sdk=iphoneos*]" = "iPhone Developer";
				INFOPLIST_FILE = Blocstagram/Info.plist;
				LD_RUNPATH_SEARCH_PATHS = "$(inherited) @executable_path/Frameworks";
				PRODUCT_NAME = "$(TARGET_NAME)";
				PROVISIONING_PROFILE = "";
			};
			name = Release;
		};
		EFCE564919FD0F370051C50D /* Debug */ = {
			isa = XCBuildConfiguration;
			buildSettings = {
				BUNDLE_LOADER = "$(TEST_HOST)";
				FRAMEWORK_SEARCH_PATHS = (
					"$(SDKROOT)/Developer/Library/Frameworks",
					"$(inherited)",
				);
				GCC_PREPROCESSOR_DEFINITIONS = (
					"DEBUG=1",
					"$(inherited)",
				);
				INFOPLIST_FILE = BlocstagramTests/Info.plist;
				LD_RUNPATH_SEARCH_PATHS = "$(inherited) @executable_path/Frameworks @loader_path/Frameworks";
				PRODUCT_NAME = "$(TARGET_NAME)";
				TEST_HOST = "$(BUILT_PRODUCTS_DIR)/Blocstagram.app/Blocstagram";
			};
			name = Debug;
		};
		EFCE564A19FD0F370051C50D /* Release */ = {
			isa = XCBuildConfiguration;
			buildSettings = {
				BUNDLE_LOADER = "$(TEST_HOST)";
				FRAMEWORK_SEARCH_PATHS = (
					"$(SDKROOT)/Developer/Library/Frameworks",
					"$(inherited)",
				);
				INFOPLIST_FILE = BlocstagramTests/Info.plist;
				LD_RUNPATH_SEARCH_PATHS = "$(inherited) @executable_path/Frameworks @loader_path/Frameworks";
				PRODUCT_NAME = "$(TARGET_NAME)";
				TEST_HOST = "$(BUILT_PRODUCTS_DIR)/Blocstagram.app/Blocstagram";
			};
			name = Release;
		};
/* End XCBuildConfiguration section */

/* Begin XCConfigurationList section */
		EFCE561D19FD0F370051C50D /* Build configuration list for PBXProject "Blocstagram" */ = {
			isa = XCConfigurationList;
			buildConfigurations = (
				EFCE564319FD0F370051C50D /* Debug */,
				EFCE564419FD0F370051C50D /* Release */,
			);
			defaultConfigurationIsVisible = 0;
			defaultConfigurationName = Release;
		};
		EFCE564519FD0F370051C50D /* Build configuration list for PBXNativeTarget "Blocstagram" */ = {
			isa = XCConfigurationList;
			buildConfigurations = (
				EFCE564619FD0F370051C50D /* Debug */,
				EFCE564719FD0F370051C50D /* Release */,
			);
			defaultConfigurationIsVisible = 0;
			defaultConfigurationName = Release;
		};
		EFCE564819FD0F370051C50D /* Build configuration list for PBXNativeTarget "BlocstagramTests" */ = {
			isa = XCConfigurationList;
			buildConfigurations = (
				EFCE564919FD0F370051C50D /* Debug */,
				EFCE564A19FD0F370051C50D /* Release */,
			);
			defaultConfigurationIsVisible = 0;
			defaultConfigurationName = Release;
		};
/* End XCConfigurationList section */
	};
	rootObject = EFCE561A19FD0F370051C50D /* Project object */;
}
